
Microsoft Visual Studio Solution File, Format Version 12.00
# Visual Studio Version 17
VisualStudioVersion = 17.0.31903.59
MinimumVisualStudioVersion = 10.0.40219.1
Project("{2150E333-8FDC-42A3-9474-1A3956D46DE8}") = "src", "src", "{89E05328-E931-498E-9D31-E0ADCB8173D1}"
EndProject
Project("{FAE04EC0-301F-11D3-BF4B-00C04F79EFBC}") = "recipeAPI", "src\recipeAPI\recipeAPI.csproj", "{E53E6DAB-79C4-4C41-8B41-F371FD51F84F}"
EndProject
Project("{2150E333-8FDC-42A3-9474-1A3956D46DE8}") = "tests", "tests", "{7FB3499F-46EF-465C-9D88-5D4B61FE0FD6}"
EndProject
Project("{FAE04EC0-301F-11D3-BF4B-00C04F79EFBC}") = "RecipeApi.Tests", "tests\RecipeApi.Tests\RecipeApi.Tests.csproj", "{A9590B14-B228-4CEF-AB76-3D866EFF9658}"
EndProject
Global
	GlobalSection(SolutionConfigurationPlatforms) = preSolution
		Debug|Any CPU = Debug|Any CPU
		Release|Any CPU = Release|Any CPU
	EndGlobalSection
	GlobalSection(SolutionProperties) = preSolution
		HideSolutionNode = FALSE
	EndGlobalSection
	GlobalSection(ProjectConfigurationPlatforms) = postSolution
		{E53E6DAB-79C4-4C41-8B41-F371FD51F84F}.Debug|Any CPU.ActiveCfg = Debug|Any CPU
		{E53E6DAB-79C4-4C41-8B41-F371FD51F84F}.Debug|Any CPU.Build.0 = Debug|Any CPU
		{E53E6DAB-79C4-4C41-8B41-F371FD51F84F}.Release|Any CPU.ActiveCfg = Release|Any CPU
		{E53E6DAB-79C4-4C41-8B41-F371FD51F84F}.Release|Any CPU.Build.0 = Release|Any CPU
		{A9590B14-B228-4CEF-AB76-3D866EFF9658}.Debug|Any CPU.ActiveCfg = Debug|Any CPU
		{A9590B14-B228-4CEF-AB76-3D866EFF9658}.Debug|Any CPU.Build.0 = Debug|Any CPU
		{A9590B14-B228-4CEF-AB76-3D866EFF9658}.Release|Any CPU.ActiveCfg = Release|Any CPU
		{A9590B14-B228-4CEF-AB76-3D866EFF9658}.Release|Any CPU.Build.0 = Release|Any CPU
	EndGlobalSection
	GlobalSection(NestedProjects) = preSolution
		{E53E6DAB-79C4-4C41-8B41-F371FD51F84F} = {89E05328-E931-498E-9D31-E0ADCB8173D1}
		{A9590B14-B228-4CEF-AB76-3D866EFF9658} = {7FB3499F-46EF-465C-9D88-5D4B61FE0FD6}
	EndGlobalSection
EndGlobal
